{
  "meteor": {},
  "dependencies": {
    "basePackages": {
      "chatworks": {},
      "fast-render": {},
      "collection2": {},
      "buzz.js": {},
      "moment-with-langs": {}
    },
    "packages": {
      "chatworks": {
        "git": "https://github.com/Pent/chatworks.git",
        "tag": "v1.6.0",
        "commit": "fed449859aff1a8a18626c6c33436e6a88ca6560"
      },
      "fast-render": {
        "git": "https://github.com/arunoda/meteor-fast-render.git",
        "tag": "v0.1.22",
        "commit": "13c1d80bfd0366ad8d84f7a6ffa3cd9c21f9721e"
      },
      "collection2": {
        "git": "https://github.com/aldeed/meteor-collection2.git",
        "tag": "v0.3.11",
        "commit": "7e970671305657678e8508d8107d5e6c5e158559"
      },
      "buzz.js": {
        "git": "https://github.com/brentjanderson/meteor-buzz.git",
        "tag": "v1.1.0.1",
        "commit": "5c579c9833a6633a38fb05db928a09ac0a3bbc7e"
      },
      "moment-with-langs": {
        "git": "https://github.com/jeeeyul/meteor-moment-with-langs.git",
        "tag": "v2.5.1",
        "commit": "75f725898f6d5c3dddc54f1f619fe3b184f596a2"
      },
      "headers": {
        "git": "https://github.com/gadicohen/meteor-headers",
        "branch": "master",
        "commit": "8dc6d6445def7151e2723b6f7e74818e1fe4b5b4"
      },
      "simple-schema": {
        "git": "https://github.com/aldeed/meteor-simple-schema.git",
        "tag": "v0.2.45",
        "commit": "27a5a943a70a7376c90f18d2e2a4a122c6fc73fb"
      },
      "inject-initial": {
        "git": "https://github.com/gadicc/meteor-inject-initial.git",
        "tag": "v0.0.3",
        "commit": "7ebbbbdc3c4377bb9bbb1b683971451375d2233f"
      }
    }
  }
}
