{
  "meteor": {},
  "dependencies": {
    "basePackages": {
      "chatworks": {},
      "fast-render": {},
      "collection2": {},
      "buzz.js": {},
      "iron-router": {},
      "pagemaster": {}
    },
    "packages": {
      "chatworks": {
        "git": "https://github.com/Pent/chatworks.git",
        "tag": "v1.6.1",
        "commit": "e9ea9f37bace01a89357c7f36feba0946b16b05d"
      },
      "fast-render": {
        "git": "https://github.com/arunoda/meteor-fast-render.git",
        "tag": "v0.1.25",
        "commit": "010c4ee25b48ab6a7373000be48f9cd4a8535880"
      },
      "collection2": {
        "git": "https://github.com/aldeed/meteor-collection2.git",
        "tag": "v0.3.11",
        "commit": "7e970671305657678e8508d8107d5e6c5e158559"
      },
      "buzz.js": {
        "git": "https://github.com/brentjanderson/meteor-buzz.git",
        "tag": "v1.1.0.1",
        "commit": "5c579c9833a6633a38fb05db928a09ac0a3bbc7e"
      },
      "iron-router": {
        "git": "https://github.com/EventedMind/iron-router.git",
        "tag": "v0.7.0",
        "commit": "05f34bc48c4cad9fdaa366c1ddcabe6980232ece"
      },
      "pagemaster": {
        "git": "https://github.com/sterlingwes/meteor-pagemaster",
        "tag": "v0.5.7",
        "commit": "5e0b18dba69e4818f6c72e7cb6542c8bb41b7f99"
      },
      "headers": {
        "git": "https://github.com/gadicohen/meteor-headers",
        "branch": "master",
        "commit": "569a50eb334cc1ab324d0721411f48f1cc75ec24"
      },
      "simple-schema": {
        "git": "https://github.com/aldeed/meteor-simple-schema.git",
        "tag": "v0.2.45",
        "commit": "27a5a943a70a7376c90f18d2e2a4a122c6fc73fb"
      },
      "blaze-layout": {
        "git": "https://github.com/EventedMind/blaze-layout.git",
        "tag": "v0.2.2",
        "commit": "8bc53798fe5965669ae67c72f91829fcfdceabfd"
      },
      "inject-initial": {
        "git": "https://github.com/gadicc/meteor-inject-initial.git",
        "tag": "v0.0.7",
        "commit": "921a944815e06ece8ce4ded180e9d2e9e31f6000"
      }
    }
  }
}
