{
  "meteor": {},
  "dependencies": {
    "basePackages": {
      "chatworks": {},
      "fast-render": {},
      "collection2": {},
      "buzz.js": {},
      "iron-router": {},
      "pagemaster": {},
      "filter-collections": {}
    },
    "packages": {
      "chatworks": {
        "git": "https://github.com/Pent/chatworks.git",
        "tag": "v1.6.4",
        "commit": "c12dc87cc4c9a832ab616969a7b396060b40856a"
      },
      "fast-render": {
        "git": "https://github.com/arunoda/meteor-fast-render.git",
        "tag": "v0.2.5",
        "commit": "93e2fb334e55fbe9b5ebb2a2e65964018658f43e"
      },
      "collection2": {
        "git": "https://github.com/aldeed/meteor-collection2.git",
        "tag": "v0.3.11",
        "commit": "7e970671305657678e8508d8107d5e6c5e158559"
      },
      "buzz.js": {
        "git": "https://github.com/brentjanderson/meteor-buzz.git",
        "tag": "v1.1.0.1",
        "commit": "5c579c9833a6633a38fb05db928a09ac0a3bbc7e"
      },
      "iron-router": {
        "git": "https://github.com/EventedMind/iron-router.git",
        "tag": "v0.7.1",
        "commit": "d1ffb3f06ea4c112132b030f2eb1a70b81675ecb"
      },
      "pagemaster": {
        "git": "https://github.com/sterlingwes/meteor-pagemaster",
        "tag": "v0.5.7",
        "commit": "5e0b18dba69e4818f6c72e7cb6542c8bb41b7f99"
      },
      "filter-collections": {
        "git": "https://github.com/julianmontagna/filter-collections.git",
        "tag": "v0.1.4",
        "commit": "87bc9cee7a23459e427d4613383be3f67f29245c"
      },
      "simple-schema": {
        "git": "https://github.com/aldeed/meteor-simple-schema.git",
        "tag": "v0.5.0",
        "commit": "c90127c383ad829747502bf7f6dfb6aabae094b8"
      },
      "blaze-layout": {
        "git": "https://github.com/EventedMind/blaze-layout.git",
        "tag": "v0.2.4",
        "commit": "b40e9b0612329288d75cf52ad14a7da64bb8618f"
      }
    }
  }
}
